{
  "name": "hamt",
  "lockfileVersion": 3,
  "requires": true,
  "packages": {
    "": {
      "dependencies": {
        "bench-node": "^0.9.0",
        "tsc": "^2.0.4",
        "typescript": "^5.8.3"
      },
      "devDependencies": {
        "@types/node": "^24.0.12"
      }
    },
    "node_modules/@napi-rs/nice": {
      "version": "1.0.4",
      "resolved": "https://registry.npmjs.org/@napi-rs/nice/-/nice-1.0.4.tgz",
      "integrity": "sha512-Sqih1YARrmMoHlXGgI9JrrgkzxcaaEso0AH+Y7j8NHonUs+xe4iDsgC3IBIDNdzEewbNpccNN6hip+b5vmyRLw==",
      "license": "MIT",
      "optional": true,
      "engines": {
        "node": ">= 10"
      },
      "funding": {
        "type": "github",
        "url": "https://github.com/sponsors/Brooooooklyn"
      },
      "optionalDependencies": {
        "@napi-rs/nice-android-arm-eabi": "1.0.4",
        "@napi-rs/nice-android-arm64": "1.0.4",
        "@napi-rs/nice-darwin-arm64": "1.0.4",
        "@napi-rs/nice-darwin-x64": "1.0.4",
        "@napi-rs/nice-freebsd-x64": "1.0.4",
        "@napi-rs/nice-linux-arm-gnueabihf": "1.0.4",
        "@napi-rs/nice-linux-arm64-gnu": "1.0.4",
        "@napi-rs/nice-linux-arm64-musl": "1.0.4",
        "@napi-rs/nice-linux-ppc64-gnu": "1.0.4",
        "@napi-rs/nice-linux-riscv64-gnu": "1.0.4",
        "@napi-rs/nice-linux-s390x-gnu": "1.0.4",
        "@napi-rs/nice-linux-x64-gnu": "1.0.4",
        "@napi-rs/nice-linux-x64-musl": "1.0.4",
        "@napi-rs/nice-win32-arm64-msvc": "1.0.4",
        "@napi-rs/nice-win32-ia32-msvc": "1.0.4",
        "@napi-rs/nice-win32-x64-msvc": "1.0.4"
      }
    },
    "node_modules/@napi-rs/nice-android-arm-eabi": {
      "version": "1.0.4",
      "resolved": "https://registry.npmjs.org/@napi-rs/nice-android-arm-eabi/-/nice-android-arm-eabi-1.0.4.tgz",
      "integrity": "sha512-OZFMYUkih4g6HCKTjqJHhMUlgvPiDuSLZPbPBWHLjKmFTv74COzRlq/gwHtmEVaR39mJQ6ZyttDl2HNMUbLVoA==",
      "cpu": [
        "arm"
      ],
      "license": "MIT",
      "optional": true,
      "os": [
        "android"
      ],
      "engines": {
        "node": ">= 10"
      }
    },
    "node_modules/@napi-rs/nice-android-arm64": {
      "version": "1.0.4",
      "resolved": "https://registry.npmjs.org/@napi-rs/nice-android-arm64/-/nice-android-arm64-1.0.4.tgz",
      "integrity": "sha512-k8u7cjeA64vQWXZcRrPbmwjH8K09CBnNaPnI9L1D5N6iMPL3XYQzLcN6WwQonfcqCDv5OCY3IqX89goPTV4KMw==",
      "cpu": [
        "arm64"
      ],
      "license": "MIT",
      "optional": true,
      "os": [
        "android"
      ],
      "engines": {
        "node": ">= 10"
      }
    },
    "node_modules/@napi-rs/nice-darwin-arm64": {
      "version": "1.0.4",
      "resolved": "https://registry.npmjs.org/@napi-rs/nice-darwin-arm64/-/nice-darwin-arm64-1.0.4.tgz",
      "integrity": "sha512-GsLdQvUcuVzoyzmtjsThnpaVEizAqH5yPHgnsBmq3JdVoVZHELFo7PuJEdfOH1DOHi2mPwB9sCJEstAYf3XCJA==",
      "cpu": [
        "arm64"
      ],
      "license": "MIT",
      "optional": true,
      "os": [
        "darwin"
      ],
      "engines": {
        "node": ">= 10"
      }
    },
    "node_modules/@napi-rs/nice-darwin-x64": {
      "version": "1.0.4",
      "resolved": "https://registry.npmjs.org/@napi-rs/nice-darwin-x64/-/nice-darwin-x64-1.0.4.tgz",
      "integrity": "sha512-1y3gyT3e5zUY5SxRl3QDtJiWVsbkmhtUHIYwdWWIQ3Ia+byd/IHIEpqAxOGW1nhhnIKfTCuxBadHQb+yZASVoA==",
      "cpu": [
        "x64"
      ],
      "license": "MIT",
      "optional": true,
      "os": [
        "darwin"
      ],
      "engines": {
        "node": ">= 10"
      }
    },
    "node_modules/@napi-rs/nice-freebsd-x64": {
      "version": "1.0.4",
      "resolved": "https://registry.npmjs.org/@napi-rs/nice-freebsd-x64/-/nice-freebsd-x64-1.0.4.tgz",
      "integrity": "sha512-06oXzESPRdXUuzS8n2hGwhM2HACnDfl3bfUaSqLGImM8TA33pzDXgGL0e3If8CcFWT98aHows5Lk7xnqYNGFeA==",
      "cpu": [
        "x64"
      ],
      "license": "MIT",
      "optional": true,
      "os": [
        "freebsd"
      ],
      "engines": {
        "node": ">= 10"
      }
    },
    "node_modules/@napi-rs/nice-linux-arm-gnueabihf": {
      "version": "1.0.4",
      "resolved": "https://registry.npmjs.org/@napi-rs/nice-linux-arm-gnueabihf/-/nice-linux-arm-gnueabihf-1.0.4.tgz",
      "integrity": "sha512-CgklZ6g8WL4+EgVVkxkEvvsi2DSLf9QIloxWO0fvQyQBp6VguUSX3eHLeRpqwW8cRm2Hv/Q1+PduNk7VK37VZw==",
      "cpu": [
        "arm"
      ],
      "license": "MIT",
      "optional": true,
      "os": [
        "linux"
      ],
      "engines": {
        "node": ">= 10"
      }
    },
    "node_modules/@napi-rs/nice-linux-arm64-gnu": {
      "version": "1.0.4",
      "resolved": "https://registry.npmjs.org/@napi-rs/nice-linux-arm64-gnu/-/nice-linux-arm64-gnu-1.0.4.tgz",
      "integrity": "sha512-wdAJ7lgjhAlsANUCv0zi6msRwq+D4KDgU+GCCHssSxWmAERZa2KZXO0H2xdmoJ/0i03i6YfK/sWaZgUAyuW2oQ==",
      "cpu": [
        "arm64"
      ],
      "license": "MIT",
      "optional": true,
      "os": [
        "linux"
      ],
      "engines": {
        "node": ">= 10"
      }
    },
    "node_modules/@napi-rs/nice-linux-arm64-musl": {
      "version": "1.0.4",
      "resolved": "https://registry.npmjs.org/@napi-rs/nice-linux-arm64-musl/-/nice-linux-arm64-musl-1.0.4.tgz",
      "integrity": "sha512-4b1KYG+sriufhFrpUS9uNOEYYJqSfcbnwGx6uGX7JjrH8tELG90cOpCawz5THNIwlS3DhLgnCOcn0+4p6z26QA==",
      "cpu": [
        "arm64"
      ],
      "license": "MIT",
      "optional": true,
      "os": [
        "linux"
      ],
      "engines": {
        "node": ">= 10"
      }
    },
    "node_modules/@napi-rs/nice-linux-ppc64-gnu": {
      "version": "1.0.4",
      "resolved": "https://registry.npmjs.org/@napi-rs/nice-linux-ppc64-gnu/-/nice-linux-ppc64-gnu-1.0.4.tgz",
      "integrity": "sha512-iaf3vMRgr23oe1PUaKpxaH3DS0IMN0+N9iEiWVwYPm/U15vZFYdqVegGfN2PzrZLUl5lc8ZxbmEKDfuqslhAMA==",
      "cpu": [
        "ppc64"
      ],
      "license": "MIT",
      "optional": true,
      "os": [
        "linux"
      ],
      "engines": {
        "node": ">= 10"
      }
    },
    "node_modules/@napi-rs/nice-linux-riscv64-gnu": {
      "version": "1.0.4",
      "resolved": "https://registry.npmjs.org/@napi-rs/nice-linux-riscv64-gnu/-/nice-linux-riscv64-gnu-1.0.4.tgz",
      "integrity": "sha512-UXoREY6Yw6rHrGuTwQgBxpfjK34t6mTjibE9/cXbefL9AuUCJ9gEgwNKZiONuR5QGswChqo9cnthjdKkYyAdDg==",
      "cpu": [
        "riscv64"
      ],
      "license": "MIT",
      "optional": true,
      "os": [
        "linux"
      ],
      "engines": {
        "node": ">= 10"
      }
    },
    "node_modules/@napi-rs/nice-linux-s390x-gnu": {
      "version": "1.0.4",
      "resolved": "https://registry.npmjs.org/@napi-rs/nice-linux-s390x-gnu/-/nice-linux-s390x-gnu-1.0.4.tgz",
      "integrity": "sha512-eFbgYCRPmsqbYPAlLYU5hYTNbogmIDUvknilehHsFhCH1+0/kN87lP+XaLT0Yeq4V/rpwChSd9vlz4muzFArtw==",
      "cpu": [
        "s390x"
      ],
      "license": "MIT",
      "optional": true,
      "os": [
        "linux"
      ],
      "engines": {
        "node": ">= 10"
      }
    },
    "node_modules/@napi-rs/nice-linux-x64-gnu": {
      "version": "1.0.4",
      "resolved": "https://registry.npmjs.org/@napi-rs/nice-linux-x64-gnu/-/nice-linux-x64-gnu-1.0.4.tgz",
      "integrity": "sha512-4T3E6uTCwWT6IPnwuPcWVz3oHxvEp/qbrCxZhsgzwTUBEwu78EGNXGdHfKJQt3soth89MLqZJw+Zzvnhrsg1mQ==",
      "cpu": [
        "x64"
      ],
      "license": "MIT",
      "optional": true,
      "os": [
        "linux"
      ],
      "engines": {
        "node": ">= 10"
      }
    },
    "node_modules/@napi-rs/nice-linux-x64-musl": {
      "version": "1.0.4",
      "resolved": "https://registry.npmjs.org/@napi-rs/nice-linux-x64-musl/-/nice-linux-x64-musl-1.0.4.tgz",
      "integrity": "sha512-NtbBkAeyBPLvCBkWtwkKXkNSn677eaT0cX3tygq+2qVv71TmHgX4gkX6o9BXjlPzdgPGwrUudavCYPT9tzkEqQ==",
      "cpu": [
        "x64"
      ],
      "license": "MIT",
      "optional": true,
      "os": [
        "linux"
      ],
      "engines": {
        "node": ">= 10"
      }
    },
    "node_modules/@napi-rs/nice-win32-arm64-msvc": {
      "version": "1.0.4",
      "resolved": "https://registry.npmjs.org/@napi-rs/nice-win32-arm64-msvc/-/nice-win32-arm64-msvc-1.0.4.tgz",
      "integrity": "sha512-vubOe3i+YtSJGEk/++73y+TIxbuVHi+W8ZzrRm2eETCjCRwNlgbfToQZ85dSA+4iBB/NJRGNp+O4hfdbbttZWA==",
      "cpu": [
        "arm64"
      ],
      "license": "MIT",
      "optional": true,
      "os": [
        "win32"
      ],
      "engines": {
        "node": ">= 10"
      }
    },
    "node_modules/@napi-rs/nice-win32-ia32-msvc": {
      "version": "1.0.4",
      "resolved": "https://registry.npmjs.org/@napi-rs/nice-win32-ia32-msvc/-/nice-win32-ia32-msvc-1.0.4.tgz",
      "integrity": "sha512-BMOVrUDZeg1RNRKVlh4eyLv5djAAVLiSddfpuuQ47EFjBcklg0NUeKMFKNrKQR4UnSn4HAiACLD7YK7koskwmg==",
      "cpu": [
        "ia32"
      ],
      "license": "MIT",
      "optional": true,
      "os": [
        "win32"
      ],
      "engines": {
        "node": ">= 10"
      }
    },
    "node_modules/@napi-rs/nice-win32-x64-msvc": {
      "version": "1.0.4",
      "resolved": "https://registry.npmjs.org/@napi-rs/nice-win32-x64-msvc/-/nice-win32-x64-msvc-1.0.4.tgz",
      "integrity": "sha512-kCNk6HcRZquhw/whwh4rHsdPyOSCQCgnVDVik+Y9cuSVTDy3frpiCJTScJqPPS872h4JgZKkr/+CwcwttNEo9Q==",
      "cpu": [
        "x64"
      ],
      "license": "MIT",
      "optional": true,
      "os": [
        "win32"
      ],
      "engines": {
        "node": ">= 10"
      }
    },
    "node_modules/@types/node": {
      "version": "24.0.12",
      "resolved": "https://registry.npmjs.org/@types/node/-/node-24.0.12.tgz",
      "integrity": "sha512-LtOrbvDf5ndC9Xi+4QZjVL0woFymF/xSTKZKPgrrl7H7XoeDvnD+E2IclKVDyaK9UM756W/3BXqSU+JEHopA9g==",
      "dev": true,
      "license": "MIT",
      "dependencies": {
        "undici-types": "~7.8.0"
      }
    },
    "node_modules/bench-node": {
      "version": "0.9.0",
      "resolved": "https://registry.npmjs.org/bench-node/-/bench-node-0.9.0.tgz",
      "integrity": "sha512-LhsoDduSRhkT3hPolUvTv82jWDAV+NLcfjXoc1+bAKHQxd4qj2FbF9WiB0ioX6pdztxatvn+G7OfYba1jFZwVw==",
      "license": "MIT",
      "dependencies": {
        "piscina": "^4.8.0"
      }
    },
    "node_modules/piscina": {
      "version": "4.9.2",
      "resolved": "https://registry.npmjs.org/piscina/-/piscina-4.9.2.tgz",
      "integrity": "sha512-Fq0FERJWFEUpB4eSY59wSNwXD4RYqR+nR/WiEVcZW8IWfVBxJJafcgTEZDQo8k3w0sUarJ8RyVbbUF4GQ2LGbQ==",
      "license": "MIT",
      "optionalDependencies": {
        "@napi-rs/nice": "^1.0.1"
      }
    },
    "node_modules/tsc": {
      "version": "2.0.4",
      "resolved": "https://registry.npmjs.org/tsc/-/tsc-2.0.4.tgz",
      "integrity": "sha512-fzoSieZI5KKJVBYGvwbVZs/J5za84f2lSTLPYf6AGiIf43tZ3GNrI1QzTLcjtyDDP4aLxd46RTZq1nQxe7+k5Q==",
      "license": "MIT",
      "bin": {
        "tsc": "bin/tsc"
      }
    },
    "node_modules/typescript": {
      "version": "5.8.3",
      "resolved": "https://registry.npmjs.org/typescript/-/typescript-5.8.3.tgz",
      "integrity": "sha512-p1diW6TqL9L07nNxvRMM7hMMw4c5XOo/1ibL4aAIGmSAt9slTE1Xgw5KWuof2uTOvCg9BY7ZRi+GaF+7sfgPeQ==",
      "license": "Apache-2.0",
      "bin": {
        "tsc": "bin/tsc",
        "tsserver": "bin/tsserver"
      },
      "engines": {
        "node": ">=14.17"
      }
    },
    "node_modules/undici-types": {
      "version": "7.8.0",
      "resolved": "https://registry.npmjs.org/undici-types/-/undici-types-7.8.0.tgz",
      "integrity": "sha512-9UJ2xGDvQ43tYyVMpuHlsgApydB8ZKfVYTsLDhXkFL/6gfkp+U8xTGdh8pMJv1SpZna0zxG1DwsKZsreLbXBxw==",
      "dev": true,
      "license": "MIT"
    }
  }
}
